// !$*UTF8*$!
{
	archiveVersion = 1;
	classes = {
	};
	objectVersion = 56;
	objects = {

/* Begin PBXBuildFile section */
		31BCE9A229FF71DA001A5109 /* InventoryManagerApp.swift in Sources */ = {isa = PBXBuildFile; fileRef = 31BCE9A129FF71DA001A5109 /* InventoryManagerApp.swift */; };
		31BCE9A429FF71DA001A5109 /* LandingPageView.swift in Sources */ = {isa = PBXBuildFile; fileRef = 31BCE9A329FF71DA001A5109 /* LandingPageView.swift */; };
		31BCE9A629FF71DB001A5109 /* Assets.xcassets in Resources */ = {isa = PBXBuildFile; fileRef = 31BCE9A529FF71DB001A5109 /* Assets.xcassets */; };
		31BCE9A929FF71DB001A5109 /* Preview Assets.xcassets in Resources */ = {isa = PBXBuildFile; fileRef = 31BCE9A829FF71DB001A5109 /* Preview Assets.xcassets */; };
		31BCE9B329FF71DC001A5109 /* InventoryManagerTests.swift in Sources */ = {isa = PBXBuildFile; fileRef = 31BCE9B229FF71DC001A5109 /* InventoryManagerTests.swift */; };
		31BCE9BD29FF71DC001A5109 /* InventoryManagerUITests.swift in Sources */ = {isa = PBXBuildFile; fileRef = 31BCE9BC29FF71DC001A5109 /* InventoryManagerUITests.swift */; };
		31BCE9BF29FF71DC001A5109 /* InventoryManagerUITestsLaunchTests.swift in Sources */ = {isa = PBXBuildFile; fileRef = 31BCE9BE29FF71DC001A5109 /* InventoryManagerUITestsLaunchTests.swift */; };
		31BCE9CD29FF752D001A5109 /* InventoryItemView.swift in Sources */ = {isa = PBXBuildFile; fileRef = 31BCE9CC29FF752D001A5109 /* InventoryItemView.swift */; };
		31BCE9CF29FF7810001A5109 /* AddNewItemView.swift in Sources */ = {isa = PBXBuildFile; fileRef = 31BCE9CE29FF7810001A5109 /* AddNewItemView.swift */; };
/* End PBXBuildFile section */

/* Begin PBXContainerItemProxy section */
		31BCE9AF29FF71DC001A5109 /* PBXContainerItemProxy */ = {
			isa = PBXContainerItemProxy;
			containerPortal = 31BCE99629FF71DA001A5109 /* Project object */;
			proxyType = 1;
			remoteGlobalIDString = 31BCE99D29FF71DA001A5109;
			remoteInfo = InventoryManager;
		};
		31BCE9B929FF71DC001A5109 /* PBXContainerItemProxy */ = {
			isa = PBXContainerItemProxy;
			containerPortal = 31BCE99629FF71DA001A5109 /* Project object */;
			proxyType = 1;
			remoteGlobalIDString = 31BCE99D29FF71DA001A5109;
			remoteInfo = InventoryManager;
		};
/* End PBXContainerItemProxy section */

/* Begin PBXFileReference section */
		31BCE99E29FF71DA001A5109 /* InventoryManager.app */ = {isa = PBXFileReference; explicitFileType = wrapper.application; includeInIndex = 0; path = InventoryManager.app; sourceTree = BUILT_PRODUCTS_DIR; };
		31BCE9A129FF71DA001A5109 /* InventoryManagerApp.swift */ = {isa = PBXFileReference; lastKnownFileType = sourcecode.swift; path = InventoryManagerApp.swift; sourceTree = "<group>"; };
		31BCE9A329FF71DA001A5109 /* LandingPageView.swift */ = {isa = PBXFileReference; lastKnownFileType = sourcecode.swift; path = LandingPageView.swift; sourceTree = "<group>"; };
		31BCE9A529FF71DB001A5109 /* Assets.xcassets */ = {isa = PBXFileReference; lastKnownFileType = folder.assetcatalog; path = Assets.xcassets; sourceTree = "<group>"; };
		31BCE9A829FF71DB001A5109 /* Preview Assets.xcassets */ = {isa = PBXFileReference; lastKnownFileType = folder.assetcatalog; path = "Preview Assets.xcassets"; sourceTree = "<group>"; };
		31BCE9AE29FF71DC001A5109 /* InventoryManagerTests.xctest */ = {isa = PBXFileReference; explicitFileType = wrapper.cfbundle; includeInIndex = 0; path = InventoryManagerTests.xctest; sourceTree = BUILT_PRODUCTS_DIR; };
		31BCE9B229FF71DC001A5109 /* InventoryManagerTests.swift */ = {isa = PBXFileReference; lastKnownFileType = sourcecode.swift; path = InventoryManagerTests.swift; sourceTree = "<group>"; };
		31BCE9B829FF71DC001A5109 /* InventoryManagerUITests.xctest */ = {isa = PBXFileReference; explicitFileType = wrapper.cfbundle; includeInIndex = 0; path = InventoryManagerUITests.xctest; sourceTree = BUILT_PRODUCTS_DIR; };
		31BCE9BC29FF71DC001A5109 /* InventoryManagerUITests.swift */ = {isa = PBXFileReference; lastKnownFileType = sourcecode.swift; path = InventoryManagerUITests.swift; sourceTree = "<group>"; };
		31BCE9BE29FF71DC001A5109 /* InventoryManagerUITestsLaunchTests.swift */ = {isa = PBXFileReference; lastKnownFileType = sourcecode.swift; path = InventoryManagerUITestsLaunchTests.swift; sourceTree = "<group>"; };
		31BCE9CC29FF752D001A5109 /* InventoryItemView.swift */ = {isa = PBXFileReference; lastKnownFileType = sourcecode.swift; path = InventoryItemView.swift; sourceTree = "<group>"; };
		31BCE9CE29FF7810001A5109 /* AddNewItemView.swift */ = {isa = PBXFileReference; lastKnownFileType = sourcecode.swift; path = AddNewItemView.swift; sourceTree = "<group>"; };
/* End PBXFileReference section */

/* Begin PBXFrameworksBuildPhase section */
		31BCE99B29FF71DA001A5109 /* Frameworks */ = {
			isa = PBXFrameworksBuildPhase;
			buildActionMask = 2147483647;
			files = (
			);
			runOnlyForDeploymentPostprocessing = 0;
		};
		31BCE9AB29FF71DC001A5109 /* Frameworks */ = {
			isa = PBXFrameworksBuildPhase;
			buildActionMask = 2147483647;
			files = (
			);
			runOnlyForDeploymentPostprocessing = 0;
		};
		31BCE9B529FF71DC001A5109 /* Frameworks */ = {
			isa = PBXFrameworksBuildPhase;
			buildActionMask = 2147483647;
			files = (
			);
			runOnlyForDeploymentPostprocessing = 0;
		};
/* End PBXFrameworksBuildPhase section */

/* Begin PBXGroup section */
		31BCE99529FF71DA001A5109 = {
			isa = PBXGroup;
			children = (
				31BCE9A029FF71DA001A5109 /* InventoryManager */,
				31BCE9B129FF71DC001A5109 /* InventoryManagerTests */,
				31BCE9BB29FF71DC001A5109 /* InventoryManagerUITests */,
				31BCE99F29FF71DA001A5109 /* Products */,
			);
			sourceTree = "<group>";
		};
		31BCE99F29FF71DA001A5109 /* Products */ = {
			isa = PBXGroup;
			children = (
				31BCE99E29FF71DA001A5109 /* InventoryManager.app */,
				31BCE9AE29FF71DC001A5109 /* InventoryManagerTests.xctest */,
				31BCE9B829FF71DC001A5109 /* InventoryManagerUITests.xctest */,
			);
			name = Products;
			sourceTree = "<group>";
		};
		31BCE9A029FF71DA001A5109 /* InventoryManager */ = {
			isa = PBXGroup;
			children = (
				31BCE9A129FF71DA001A5109 /* InventoryManagerApp.swift */,
				31BCE9CB29FF724D001A5109 /* Views */,
				31BCE9A529FF71DB001A5109 /* Assets.xcassets */,
				31BCE9A729FF71DB001A5109 /* Preview Content */,
			);
			path = InventoryManager;
			sourceTree = "<group>";
		};
		31BCE9A729FF71DB001A5109 /* Preview Content */ = {
			isa = PBXGroup;
			children = (
				31BCE9A829FF71DB001A5109 /* Preview Assets.xcassets */,
			);
			path = "Preview Content";
			sourceTree = "<group>";
		};
		31BCE9B129FF71DC001A5109 /* InventoryManagerTests */ = {
			isa = PBXGroup;
			children = (
				31BCE9B229FF71DC001A5109 /* InventoryManagerTests.swift */,
			);
			path = InventoryManagerTests;
			sourceTree = "<group>";
		};
		31BCE9BB29FF71DC001A5109 /* InventoryManagerUITests */ = {
			isa = PBXGroup;
			children = (
				31BCE9BC29FF71DC001A5109 /* InventoryManagerUITests.swift */,
				31BCE9BE29FF71DC001A5109 /* InventoryManagerUITestsLaunchTests.swift */,
			);
			path = InventoryManagerUITests;
			sourceTree = "<group>";
		};
		31BCE9CB29FF724D001A5109 /* Views */ = {
			isa = PBXGroup;
			children = (
				31BCE9A329FF71DA001A5109 /* LandingPageView.swift */,
				31BCE9CC29FF752D001A5109 /* InventoryItemView.swift */,
				31BCE9CE29FF7810001A5109 /* AddNewItemView.swift */,
			);
			path = Views;
			sourceTree = "<group>";
		};
/* End PBXGroup section */

/* Begin PBXNativeTarget section */
		31BCE99D29FF71DA001A5109 /* InventoryManager */ = {
			isa = PBXNativeTarget;
			buildConfigurationList = 31BCE9C229FF71DC001A5109 /* Build configuration list for PBXNativeTarget "InventoryManager" */;
			buildPhases = (
				31BCE99A29FF71DA001A5109 /* Sources */,
				31BCE99B29FF71DA001A5109 /* Frameworks */,
				31BCE99C29FF71DA001A5109 /* Resources */,
			);
			buildRules = (
			);
			dependencies = (
			);
			name = InventoryManager;
			productName = InventoryManager;
			productReference = 31BCE99E29FF71DA001A5109 /* InventoryManager.app */;
			productType = "com.apple.product-type.application";
		};
		31BCE9AD29FF71DC001A5109 /* InventoryManagerTests */ = {
			isa = PBXNativeTarget;
			buildConfigurationList = 31BCE9C529FF71DC001A5109 /* Build configuration list for PBXNativeTarget "InventoryManagerTests" */;
			buildPhases = (
				31BCE9AA29FF71DC001A5109 /* Sources */,
				31BCE9AB29FF71DC001A5109 /* Frameworks */,
				31BCE9AC29FF71DC001A5109 /* Resources */,
			);
			buildRules = (
			);
			dependencies = (
				31BCE9B029FF71DC001A5109 /* PBXTargetDependency */,
			);
			name = InventoryManagerTests;
			productName = InventoryManagerTests;
			productReference = 31BCE9AE29FF71DC001A5109 /* InventoryManagerTests.xctest */;
			productType = "com.apple.product-type.bundle.unit-test";
		};
		31BCE9B729FF71DC001A5109 /* InventoryManagerUITests */ = {
			isa = PBXNativeTarget;
			buildConfigurationList = 31BCE9C829FF71DC001A5109 /* Build configuration list for PBXNativeTarget "InventoryManagerUITests" */;
			buildPhases = (
				31BCE9B429FF71DC001A5109 /* Sources */,
				31BCE9B529FF71DC001A5109 /* Frameworks */,
				31BCE9B629FF71DC001A5109 /* Resources */,
			);
			buildRules = (
			);
			dependencies = (
				31BCE9BA29FF71DC001A5109 /* PBXTargetDependency */,
			);
			name = InventoryManagerUITests;
			productName = InventoryManagerUITests;
			productReference = 31BCE9B829FF71DC001A5109 /* InventoryManagerUITests.xctest */;
			productType = "com.apple.product-type.bundle.ui-testing";
		};
/* End PBXNativeTarget section */

/* Begin PBXProject section */
		31BCE99629FF71DA001A5109 /* Project object */ = {
			isa = PBXProject;
			attributes = {
				BuildIndependentTargetsInParallel = 1;
				LastSwiftUpdateCheck = 1410;
				LastUpgradeCheck = 1410;
				TargetAttributes = {
					31BCE99D29FF71DA001A5109 = {
						CreatedOnToolsVersion = 14.1;
					};
					31BCE9AD29FF71DC001A5109 = {
						CreatedOnToolsVersion = 14.1;
						TestTargetID = 31BCE99D29FF71DA001A5109;
					};
					31BCE9B729FF71DC001A5109 = {
						CreatedOnToolsVersion = 14.1;
						TestTargetID = 31BCE99D29FF71DA001A5109;
					};
				};
			};
			buildConfigurationList = 31BCE99929FF71DA001A5109 /* Build configuration list for PBXProject "InventoryManager" */;
			compatibilityVersion = "Xcode 14.0";
			developmentRegion = en;
			hasScannedForEncodings = 0;
			knownRegions = (
				en,
				Base,
			);
			mainGroup = 31BCE99529FF71DA001A5109;
			productRefGroup = 31BCE99F29FF71DA001A5109 /* Products */;
			projectDirPath = "";
			projectRoot = "";
			targets = (
				31BCE99D29FF71DA001A5109 /* InventoryManager */,
				31BCE9AD29FF71DC001A5109 /* InventoryManagerTests */,
				31BCE9B729FF71DC001A5109 /* InventoryManagerUITests */,
			);
		};
/* End PBXProject section */

/* Begin PBXResourcesBuildPhase section */
		31BCE99C29FF71DA001A5109 /* Resources */ = {
			isa = PBXResourcesBuildPhase;
			buildActionMask = 2147483647;
			files = (
				31BCE9A929FF71DB001A5109 /* Preview Assets.xcassets in Resources */,
				31BCE9A629FF71DB001A5109 /* Assets.xcassets in Resources */,
			);
			runOnlyForDeploymentPostprocessing = 0;
		};
		31BCE9AC29FF71DC001A5109 /* Resources */ = {
			isa = PBXResourcesBuildPhase;
			buildActionMask = 2147483647;
			files = (
			);
			runOnlyForDeploymentPostprocessing = 0;
		};
		31BCE9B629FF71DC001A5109 /* Resources */ = {
			isa = PBXResourcesBuildPhase;
			buildActionMask = 2147483647;
			files = (
			);
			runOnlyForDeploymentPostprocessing = 0;
		};
/* End PBXResourcesBuildPhase section */

/* Begin PBXSourcesBuildPhase section */
		31BCE99A29FF71DA001A5109 /* Sources */ = {
			isa = PBXSourcesBuildPhase;
			buildActionMask = 2147483647;
			files = (
				31BCE9CF29FF7810001A5109 /* AddNewItemView.swift in Sources */,
				31BCE9A429FF71DA001A5109 /* LandingPageView.swift in Sources */,
				31BCE9CD29FF752D001A5109 /* InventoryItemView.swift in Sources */,
				31BCE9A229FF71DA001A5109 /* InventoryManagerApp.swift in Sources */,
			);
			runOnlyForDeploymentPostprocessing = 0;
		};
		31BCE9AA29FF71DC001A5109 /* Sources */ = {
			isa = PBXSourcesBuildPhase;
			buildActionMask = 2147483647;
			files = (
				31BCE9B329FF71DC001A5109 /* InventoryManagerTests.swift in Sources */,
			);
			runOnlyForDeploymentPostprocessing = 0;
		};
		31BCE9B429FF71DC001A5109 /* Sources */ = {
			isa = PBXSourcesBuildPhase;
			buildActionMask = 2147483647;
			files = (
				31BCE9BD29FF71DC001A5109 /* InventoryManagerUITests.swift in Sources */,
				31BCE9BF29FF71DC001A5109 /* InventoryManagerUITestsLaunchTests.swift in Sources */,
			);
			runOnlyForDeploymentPostprocessing = 0;
		};
/* End PBXSourcesBuildPhase section */

/* Begin PBXTargetDependency section */
		31BCE9B029FF71DC001A5109 /* PBXTargetDependency */ = {
			isa = PBXTargetDependency;
			target = 31BCE99D29FF71DA001A5109 /* InventoryManager */;
			targetProxy = 31BCE9AF29FF71DC001A5109 /* PBXContainerItemProxy */;
		};
		31BCE9BA29FF71DC001A5109 /* PBXTargetDependency */ = {
			isa = PBXTargetDependency;
			target = 31BCE99D29FF71DA001A5109 /* InventoryManager */;
			targetProxy = 31BCE9B929FF71DC001A5109 /* PBXContainerItemProxy */;
		};
/* End PBXTargetDependency section */

/* Begin XCBuildConfiguration section */
		31BCE9C029FF71DC001A5109 /* Debug */ = {
			isa = XCBuildConfiguration;
			buildSettings = {
				ALWAYS_SEARCH_USER_PATHS = NO;
				CLANG_ANALYZER_NONNULL = YES;
				CLANG_ANALYZER_NUMBER_OBJECT_CONVERSION = YES_AGGRESSIVE;
				CLANG_CXX_LANGUAGE_STANDARD = "gnu++20";
				CLANG_ENABLE_MODULES = YES;
				CLANG_ENABLE_OBJC_ARC = YES;
				CLANG_ENABLE_OBJC_WEAK = YES;
				CLANG_WARN_BLOCK_CAPTURE_AUTORELEASING = YES;
				CLANG_WARN_BOOL_CONVERSION = YES;
				CLANG_WARN_COMMA = YES;
				CLANG_WARN_CONSTANT_CONVERSION = YES;
				CLANG_WARN_DEPRECATED_OBJC_IMPLEMENTATIONS = YES;
				CLANG_WARN_DIRECT_OBJC_ISA_USAGE = YES_ERROR;
				CLANG_WARN_DOCUMENTATION_COMMENTS = YES;
				CLANG_WARN_EMPTY_BODY = YES;
				CLANG_WARN_ENUM_CONVERSION = YES;
				CLANG_WARN_INFINITE_RECURSION = YES;
				CLANG_WARN_INT_CONVERSION = YES;
				CLANG_WARN_NON_LITERAL_NULL_CONVERSION = YES;
				CLANG_WARN_OBJC_IMPLICIT_RETAIN_SELF = YES;
				CLANG_WARN_OBJC_LITERAL_CONVERSION = YES;
				CLANG_WARN_OBJC_ROOT_CLASS = YES_ERROR;
				CLANG_WARN_QUOTED_INCLUDE_IN_FRAMEWORK_HEADER = YES;
				CLANG_WARN_RANGE_LOOP_ANALYSIS = YES;
				CLANG_WARN_STRICT_PROTOTYPES = YES;
				CLANG_WARN_SUSPICIOUS_MOVE = YES;
				CLANG_WARN_UNGUARDED_AVAILABILITY = YES_AGGRESSIVE;
				CLANG_WARN_UNREACHABLE_CODE = YES;
				CLANG_WARN__DUPLICATE_METHOD_MATCH = YES;
				COPY_PHASE_STRIP = NO;
				DEBUG_INFORMATION_FORMAT = dwarf;
				ENABLE_STRICT_OBJC_MSGSEND = YES;
				ENABLE_TESTABILITY = YES;
				GCC_C_LANGUAGE_STANDARD = gnu11;
				GCC_DYNAMIC_NO_PIC = NO;
				GCC_NO_COMMON_BLOCKS = YES;
				GCC_OPTIMIZATION_LEVEL = 0;
				GCC_PREPROCESSOR_DEFINITIONS = (
					"DEBUG=1",
					"$(inherited)",
				);
				GCC_WARN_64_TO_32_BIT_CONVERSION = YES;
				GCC_WARN_ABOUT_RETURN_TYPE = YES_ERROR;
				GCC_WARN_UNDECLARED_SELECTOR = YES;
				GCC_WARN_UNINITIALIZED_AUTOS = YES_AGGRESSIVE;
				GCC_WARN_UNUSED_FUNCTION = YES;
				GCC_WARN_UNUSED_VARIABLE = YES;
				IPHONEOS_DEPLOYMENT_TARGET = 16.1;
				MTL_ENABLE_DEBUG_INFO = INCLUDE_SOURCE;
				MTL_FAST_MATH = YES;
				ONLY_ACTIVE_ARCH = YES;
				SDKROOT = iphoneos;
				SWIFT_ACTIVE_COMPILATION_CONDITIONS = DEBUG;
				SWIFT_OPTIMIZATION_LEVEL = "-Onone";
			};
			name = Debug;
		};
		31BCE9C129FF71DC001A5109 /* Release */ = {
			isa = XCBuildConfiguration;
			buildSettings = {
				ALWAYS_SEARCH_USER_PATHS = NO;
				CLANG_ANALYZER_NONNULL = YES;
				CLANG_ANALYZER_NUMBER_OBJECT_CONVERSION = YES_AGGRESSIVE;
				CLANG_CXX_LANGUAGE_STANDARD = "gnu++20";
				CLANG_ENABLE_MODULES = YES;
				CLANG_ENABLE_OBJC_ARC = YES;
				CLANG_ENABLE_OBJC_WEAK = YES;
				CLANG_WARN_BLOCK_CAPTURE_AUTORELEASING = YES;
				CLANG_WARN_BOOL_CONVERSION = YES;
				CLANG_WARN_COMMA = YES;
				CLANG_WARN_CONSTANT_CONVERSION = YES;
				CLANG_WARN_DEPRECATED_OBJC_IMPLEMENTATIONS = YES;
				CLANG_WARN_DIRECT_OBJC_ISA_USAGE = YES_ERROR;
				CLANG_WARN_DOCUMENTATION_COMMENTS = YES;
				CLANG_WARN_EMPTY_BODY = YES;
				CLANG_WARN_ENUM_CONVERSION = YES;
				CLANG_WARN_INFINITE_RECURSION = YES;
				CLANG_WARN_INT_CONVERSION = YES;
				CLANG_WARN_NON_LITERAL_NULL_CONVERSION = YES;
				CLANG_WARN_OBJC_IMPLICIT_RETAIN_SELF = YES;
				CLANG_WARN_OBJC_LITERAL_CONVERSION = YES;
				CLANG_WARN_OBJC_ROOT_CLASS = YES_ERROR;
				CLANG_WARN_QUOTED_INCLUDE_IN_FRAMEWORK_HEADER = YES;
				CLANG_WARN_RANGE_LOOP_ANALYSIS = YES;
				CLANG_WARN_STRICT_PROTOTYPES = YES;
				CLANG_WARN_SUSPICIOUS_MOVE = YES;
				CLANG_WARN_UNGUARDED_AVAILABILITY = YES_AGGRESSIVE;
				CLANG_WARN_UNREACHABLE_CODE = YES;
				CLANG_WARN__DUPLICATE_METHOD_MATCH = YES;
				COPY_PHASE_STRIP = NO;
				DEBUG_INFORMATION_FORMAT = "dwarf-with-dsym";
				ENABLE_NS_ASSERTIONS = NO;
				ENABLE_STRICT_OBJC_MSGSEND = YES;
				GCC_C_LANGUAGE_STANDARD = gnu11;
				GCC_NO_COMMON_BLOCKS = YES;
				GCC_WARN_64_TO_32_BIT_CONVERSION = YES;
				GCC_WARN_ABOUT_RETURN_TYPE = YES_ERROR;
				GCC_WARN_UNDECLARED_SELECTOR = YES;
				GCC_WARN_UNINITIALIZED_AUTOS = YES_AGGRESSIVE;
				GCC_WARN_UNUSED_FUNCTION = YES;
				GCC_WARN_UNUSED_VARIABLE = YES;
				IPHONEOS_DEPLOYMENT_TARGET = 16.1;
				MTL_ENABLE_DEBUG_INFO = NO;
				MTL_FAST_MATH = YES;
				SDKROOT = iphoneos;
				SWIFT_COMPILATION_MODE = wholemodule;
				SWIFT_OPTIMIZATION_LEVEL = "-O";
				VALIDATE_PRODUCT = YES;
			};
			name = Release;
		};
		31BCE9C329FF71DC001A5109 /* Debug */ = {
			isa = XCBuildConfiguration;
			buildSettings = {
				ASSETCATALOG_COMPILER_APPICON_NAME = AppIcon;
				ASSETCATALOG_COMPILER_GLOBAL_ACCENT_COLOR_NAME = AccentColor;
				CODE_SIGN_STYLE = Automatic;
				CURRENT_PROJECT_VERSION = 1;
				DEVELOPMENT_ASSET_PATHS = "\"InventoryManager/Preview Content\"";
				ENABLE_PREVIEWS = YES;
				GENERATE_INFOPLIST_FILE = YES;
				INFOPLIST_KEY_UIApplicationSceneManifest_Generation = YES;
				INFOPLIST_KEY_UIApplicationSupportsIndirectInputEvents = YES;
				INFOPLIST_KEY_UILaunchScreen_Generation = YES;
				INFOPLIST_KEY_UISupportedInterfaceOrientations_iPad = "UIInterfaceOrientationPortrait UIInterfaceOrientationPortraitUpsideDown UIInterfaceOrientationLandscapeLeft UIInterfaceOrientationLandscapeRight";
				INFOPLIST_KEY_UISupportedInterfaceOrientations_iPhone = "UIInterfaceOrientationPortrait UIInterfaceOrientationLandscapeLeft UIInterfaceOrientationLandscapeRight";
				LD_RUNPATH_SEARCH_PATHS = (
					"$(inherited)",
					"@executable_path/Frameworks",
				);
				MARKETING_VERSION = 1.0;
				PRODUCT_BUNDLE_IDENTIFIER = HOUVANET.InventoryManager;
				PRODUCT_NAME = "$(TARGET_NAME)";
				SWIFT_EMIT_LOC_STRINGS = YES;
				SWIFT_VERSION = 5.0;
				TARGETED_DEVICE_FAMILY = "1,2";
			};
			name = Debug;
		};
		31BCE9C429FF71DC001A5109 /* Release */ = {
			isa = XCBuildConfiguration;
			buildSettings = {
				ASSETCATALOG_COMPILER_APPICON_NAME = AppIcon;
				ASSETCATALOG_COMPILER_GLOBAL_ACCENT_COLOR_NAME = AccentColor;
				CODE_SIGN_STYLE = Automatic;
				CURRENT_PROJECT_VERSION = 1;
				DEVELOPMENT_ASSET_PATHS = "\"InventoryManager/Preview Content\"";
				ENABLE_PREVIEWS = YES;
				GENERATE_INFOPLIST_FILE = YES;
				INFOPLIST_KEY_UIApplicationSceneManifest_Generation = YES;
				INFOPLIST_KEY_UIApplicationSupportsIndirectInputEvents = YES;
				INFOPLIST_KEY_UILaunchScreen_Generation = YES;
				INFOPLIST_KEY_UISupportedInterfaceOrientations_iPad = "UIInterfaceOrientationPortrait UIInterfaceOrientationPortraitUpsideDown UIInterfaceOrientationLandscapeLeft UIInterfaceOrientationLandscapeRight";
				INFOPLIST_KEY_UISupportedInterfaceOrientations_iPhone = "UIInterfaceOrientationPortrait UIInterfaceOrientationLandscapeLeft UIInterfaceOrientationLandscapeRight";
				LD_RUNPATH_SEARCH_PATHS = (
					"$(inherited)",
					"@executable_path/Frameworks",
				);
				MARKETING_VERSION = 1.0;
				PRODUCT_BUNDLE_IDENTIFIER = HOUVANET.InventoryManager;
				PRODUCT_NAME = "$(TARGET_NAME)";
				SWIFT_EMIT_LOC_STRINGS = YES;
				SWIFT_VERSION = 5.0;
				TARGETED_DEVICE_FAMILY = "1,2";
			};
			name = Release;
		};
		31BCE9C629FF71DC001A5109 /* Debug */ = {
			isa = XCBuildConfiguration;
			buildSettings = {
				ALWAYS_EMBED_SWIFT_STANDARD_LIBRARIES = YES;
				BUNDLE_LOADER = "$(TEST_HOST)";
				CODE_SIGN_STYLE = Automatic;
				CURRENT_PROJECT_VERSION = 1;
				GENERATE_INFOPLIST_FILE = YES;
				IPHONEOS_DEPLOYMENT_TARGET = 16.1;
				MARKETING_VERSION = 1.0;
				PRODUCT_BUNDLE_IDENTIFIER = HOUVANET.InventoryManagerTests;
				PRODUCT_NAME = "$(TARGET_NAME)";
				SWIFT_EMIT_LOC_STRINGS = NO;
				SWIFT_VERSION = 5.0;
				TARGETED_DEVICE_FAMILY = "1,2";
				TEST_HOST = "$(BUILT_PRODUCTS_DIR)/InventoryManager.app/$(BUNDLE_EXECUTABLE_FOLDER_PATH)/InventoryManager";
			};
			name = Debug;
		};
		31BCE9C729FF71DC001A5109 /* Release */ = {
			isa = XCBuildConfiguration;
			buildSettings = {
				ALWAYS_EMBED_SWIFT_STANDARD_LIBRARIES = YES;
				BUNDLE_LOADER = "$(TEST_HOST)";
				CODE_SIGN_STYLE = Automatic;
				CURRENT_PROJECT_VERSION = 1;
				GENERATE_INFOPLIST_FILE = YES;
				IPHONEOS_DEPLOYMENT_TARGET = 16.1;
				MARKETING_VERSION = 1.0;
				PRODUCT_BUNDLE_IDENTIFIER = HOUVANET.InventoryManagerTests;
				PRODUCT_NAME = "$(TARGET_NAME)";
				SWIFT_EMIT_LOC_STRINGS = NO;
				SWIFT_VERSION = 5.0;
				TARGETED_DEVICE_FAMILY = "1,2";
				TEST_HOST = "$(BUILT_PRODUCTS_DIR)/InventoryManager.app/$(BUNDLE_EXECUTABLE_FOLDER_PATH)/InventoryManager";
			};
			name = Release;
		};
		31BCE9C929FF71DC001A5109 /* Debug */ = {
			isa = XCBuildConfiguration;
			buildSettings = {
				ALWAYS_EMBED_SWIFT_STANDARD_LIBRARIES = YES;
				CODE_SIGN_STYLE = Automatic;
				CURRENT_PROJECT_VERSION = 1;
				GENERATE_INFOPLIST_FILE = YES;
				MARKETING_VERSION = 1.0;
				PRODUCT_BUNDLE_IDENTIFIER = HOUVANET.InventoryManagerUITests;
				PRODUCT_NAME = "$(TARGET_NAME)";
				SWIFT_EMIT_LOC_STRINGS = NO;
				SWIFT_VERSION = 5.0;
				TARGETED_DEVICE_FAMILY = "1,2";
				TEST_TARGET_NAME = InventoryManager;
			};
			name = Debug;
		};
		31BCE9CA29FF71DC001A5109 /* Release */ = {
			isa = XCBuildConfiguration;
			buildSettings = {
				ALWAYS_EMBED_SWIFT_STANDARD_LIBRARIES = YES;
				CODE_SIGN_STYLE = Automatic;
				CURRENT_PROJECT_VERSION = 1;
				GENERATE_INFOPLIST_FILE = YES;
				MARKETING_VERSION = 1.0;
				PRODUCT_BUNDLE_IDENTIFIER = HOUVANET.InventoryManagerUITests;
				PRODUCT_NAME = "$(TARGET_NAME)";
				SWIFT_EMIT_LOC_STRINGS = NO;
				SWIFT_VERSION = 5.0;
				TARGETED_DEVICE_FAMILY = "1,2";
				TEST_TARGET_NAME = InventoryManager;
			};
			name = Release;
		};
/* End XCBuildConfiguration section */

/* Begin XCConfigurationList section */
		31BCE99929FF71DA001A5109 /* Build configuration list for PBXProject "InventoryManager" */ = {
			isa = XCConfigurationList;
			buildConfigurations = (
				31BCE9C029FF71DC001A5109 /* Debug */,
				31BCE9C129FF71DC001A5109 /* Release */,
			);
			defaultConfigurationIsVisible = 0;
			defaultConfigurationName = Release;
		};
		31BCE9C229FF71DC001A5109 /* Build configuration list for PBXNativeTarget "InventoryManager" */ = {
			isa = XCConfigurationList;
			buildConfigurations = (
				31BCE9C329FF71DC001A5109 /* Debug */,
				31BCE9C429FF71DC001A5109 /* Release */,
			);
			defaultConfigurationIsVisible = 0;
			defaultConfigurationName = Release;
		};
		31BCE9C529FF71DC001A5109 /* Build configuration list for PBXNativeTarget "InventoryManagerTests" */ = {
			isa = XCConfigurationList;
			buildConfigurations = (
				31BCE9C629FF71DC001A5109 /* Debug */,
				31BCE9C729FF71DC001A5109 /* Release */,
			);
			defaultConfigurationIsVisible = 0;
			defaultConfigurationName = Release;
		};
		31BCE9C829FF71DC001A5109 /* Build configuration list for PBXNativeTarget "InventoryManagerUITests" */ = {
			isa = XCConfigurationList;
			buildConfigurations = (
				31BCE9C929FF71DC001A5109 /* Debug */,
				31BCE9CA29FF71DC001A5109 /* Release */,
			);
			defaultConfigurationIsVisible = 0;
			defaultConfigurationName = Release;
		};
/* End XCConfigurationList section */
	};
	rootObject = 31BCE99629FF71DA001A5109 /* Project object */;
}
